
Microsoft Visual Studio Solution File, Format Version 10.00
# Visual Studio 2008
Project("{F14B399A-7131-4C87-9E4B-1186C45EF12D}") = "transport", "transport\transport.rptproj", "{6CBFAEAD-3374-416A-A340-FB130ABF30BC}"
EndProject
Global
	GlobalSection(SolutionConfigurationPlatforms) = preSolution
		Debug|Default = Debug|Default
		DebugLocal|Default = DebugLocal|Default
		Release|Default = Release|Default
	EndGlobalSection
	GlobalSection(ProjectConfigurationPlatforms) = postSolution
		{6CBFAEAD-3374-416A-A340-FB130ABF30BC}.Debug|Default.ActiveCfg = Debug
		{6CBFAEAD-3374-416A-A340-FB130ABF30BC}.Debug|Default.Build.0 = DebugLocal
		{6CBFAEAD-3374-416A-A340-FB130ABF30BC}.Debug|Default.Deploy.0 = DebugLocal
		{6CBFAEAD-3374-416A-A340-FB130ABF30BC}.DebugLocal|Default.ActiveCfg = DebugLocal
		{6CBFAEAD-3374-416A-A340-FB130ABF30BC}.DebugLocal|Default.Build.0 = DebugLocal
		{6CBFAEAD-3374-416A-A340-FB130ABF30BC}.Release|Default.ActiveCfg = Release
		{6CBFAEAD-3374-416A-A340-FB130ABF30BC}.Release|Default.Build.0 = Release
		{6CBFAEAD-3374-416A-A340-FB130ABF30BC}.Release|Default.Deploy.0 = Release
	EndGlobalSection
	GlobalSection(SolutionProperties) = preSolution
		HideSolutionNode = FALSE
	EndGlobalSection
EndGlobal
