
Microsoft Visual Studio Solution File, Format Version 10.00
# Visual Studio 2008
Project("{FAE04EC0-301F-11D3-BF4B-00C04F79EFBC}") = "Kdn", "Kdn\Kdn.csproj", "{644CB925-F10B-4F8B-A050-8F480BE4C2B5}"
EndProject
Project("{FAE04EC0-301F-11D3-BF4B-00C04F79EFBC}") = "Transport", "Transport\Transport.csproj", "{E31A6B35-1010-40A7-916C-044CD8DBB594}"
EndProject
Project("{FAE04EC0-301F-11D3-BF4B-00C04F79EFBC}") = "TransportSite", "TransportSite\TransportSite.csproj", "{5FBA4C2A-3B26-44DB-93B5-E46366B2AB85}"
	ProjectSection(ProjectDependencies) = postProject
		{644CB925-F10B-4F8B-A050-8F480BE4C2B5} = {644CB925-F10B-4F8B-A050-8F480BE4C2B5}
		{E31A6B35-1010-40A7-916C-044CD8DBB594} = {E31A6B35-1010-40A7-916C-044CD8DBB594}
	EndProjectSection
EndProject
Project("{FAE04EC0-301F-11D3-BF4B-00C04F79EFBC}") = "Ext.Direct", "Ext.Direct\Ext.Direct.csproj", "{653B211D-FEFA-483B-A284-6431C8598ED4}"
EndProject
Global
	GlobalSection(SolutionConfigurationPlatforms) = preSolution
		Debug|Any CPU = Debug|Any CPU
		DebugLocal|Any CPU = DebugLocal|Any CPU
		Development|Any CPU = Development|Any CPU
		Release|Any CPU = Release|Any CPU
	EndGlobalSection
	GlobalSection(ProjectConfigurationPlatforms) = postSolution
		{644CB925-F10B-4F8B-A050-8F480BE4C2B5}.Debug|Any CPU.ActiveCfg = Debug|Any CPU
		{644CB925-F10B-4F8B-A050-8F480BE4C2B5}.Debug|Any CPU.Build.0 = Debug|Any CPU
		{644CB925-F10B-4F8B-A050-8F480BE4C2B5}.DebugLocal|Any CPU.ActiveCfg = Debug|Any CPU
		{644CB925-F10B-4F8B-A050-8F480BE4C2B5}.DebugLocal|Any CPU.Build.0 = Debug|Any CPU
		{644CB925-F10B-4F8B-A050-8F480BE4C2B5}.Development|Any CPU.ActiveCfg = Debug|Any CPU
		{644CB925-F10B-4F8B-A050-8F480BE4C2B5}.Development|Any CPU.Build.0 = Debug|Any CPU
		{644CB925-F10B-4F8B-A050-8F480BE4C2B5}.Release|Any CPU.ActiveCfg = Release|Any CPU
		{644CB925-F10B-4F8B-A050-8F480BE4C2B5}.Release|Any CPU.Build.0 = Release|Any CPU
		{E31A6B35-1010-40A7-916C-044CD8DBB594}.Debug|Any CPU.ActiveCfg = Debug|Any CPU
		{E31A6B35-1010-40A7-916C-044CD8DBB594}.Debug|Any CPU.Build.0 = Debug|Any CPU
		{E31A6B35-1010-40A7-916C-044CD8DBB594}.DebugLocal|Any CPU.ActiveCfg = Debug|Any CPU
		{E31A6B35-1010-40A7-916C-044CD8DBB594}.DebugLocal|Any CPU.Build.0 = Debug|Any CPU
		{E31A6B35-1010-40A7-916C-044CD8DBB594}.Development|Any CPU.ActiveCfg = Debug|Any CPU
		{E31A6B35-1010-40A7-916C-044CD8DBB594}.Development|Any CPU.Build.0 = Debug|Any CPU
		{E31A6B35-1010-40A7-916C-044CD8DBB594}.Release|Any CPU.ActiveCfg = Release|Any CPU
		{E31A6B35-1010-40A7-916C-044CD8DBB594}.Release|Any CPU.Build.0 = Release|Any CPU
		{5FBA4C2A-3B26-44DB-93B5-E46366B2AB85}.Debug|Any CPU.ActiveCfg = Debug|Any CPU
		{5FBA4C2A-3B26-44DB-93B5-E46366B2AB85}.Debug|Any CPU.Build.0 = Debug|Any CPU
		{5FBA4C2A-3B26-44DB-93B5-E46366B2AB85}.DebugLocal|Any CPU.ActiveCfg = Debug|Any CPU
		{5FBA4C2A-3B26-44DB-93B5-E46366B2AB85}.DebugLocal|Any CPU.Build.0 = Debug|Any CPU
		{5FBA4C2A-3B26-44DB-93B5-E46366B2AB85}.Development|Any CPU.ActiveCfg = Debug|Any CPU
		{5FBA4C2A-3B26-44DB-93B5-E46366B2AB85}.Development|Any CPU.Build.0 = Debug|Any CPU
		{5FBA4C2A-3B26-44DB-93B5-E46366B2AB85}.Release|Any CPU.ActiveCfg = Release|Any CPU
		{5FBA4C2A-3B26-44DB-93B5-E46366B2AB85}.Release|Any CPU.Build.0 = Release|Any CPU
		{653B211D-FEFA-483B-A284-6431C8598ED4}.Debug|Any CPU.ActiveCfg = Debug|Any CPU
		{653B211D-FEFA-483B-A284-6431C8598ED4}.Debug|Any CPU.Build.0 = Debug|Any CPU
		{653B211D-FEFA-483B-A284-6431C8598ED4}.DebugLocal|Any CPU.ActiveCfg = Debug|Any CPU
		{653B211D-FEFA-483B-A284-6431C8598ED4}.DebugLocal|Any CPU.Build.0 = Debug|Any CPU
		{653B211D-FEFA-483B-A284-6431C8598ED4}.Development|Any CPU.ActiveCfg = Debug|Any CPU
		{653B211D-FEFA-483B-A284-6431C8598ED4}.Development|Any CPU.Build.0 = Debug|Any CPU
		{653B211D-FEFA-483B-A284-6431C8598ED4}.Release|Any CPU.ActiveCfg = Release|Any CPU
		{653B211D-FEFA-483B-A284-6431C8598ED4}.Release|Any CPU.Build.0 = Release|Any CPU
	EndGlobalSection
	GlobalSection(SolutionProperties) = preSolution
		HideSolutionNode = FALSE
	EndGlobalSection
EndGlobal
